
Microsoft Visual Studio Solution File, Format Version 12.00
# Visual Studio 15
VisualStudioVersion = 15.0.28010.2016
MinimumVisualStudioVersion = 10.0.40219.1
Project("{FAE04EC0-301F-11D3-BF4B-00C04F79EFBC}") = "TemplateCreator", "TemplateCreator\TemplateCreator.csproj", "{3D6ECD1A-EE66-4876-8106-FA73C4B56F27}"
EndProject
Project("{2150E333-8FDC-42A3-9474-1A3956D46DE8}") = "Solution Items", "Solution Items", "{9304AD53-B4E7-4137-8554-5E4E3E43A3BB}"
EndProject
Global
	GlobalSection(SolutionConfigurationPlatforms) = preSolution
		Debug|Any CPU = Debug|Any CPU
		Release|Any CPU = Release|Any CPU
	EndGlobalSection
	GlobalSection(ProjectConfigurationPlatforms) = postSolution
		{3D6ECD1A-EE66-4876-8106-FA73C4B56F27}.Debug|Any CPU.ActiveCfg = Debug|Any CPU
		{3D6ECD1A-EE66-4876-8106-FA73C4B56F27}.Debug|Any CPU.Build.0 = Debug|Any CPU
		{3D6ECD1A-EE66-4876-8106-FA73C4B56F27}.Release|Any CPU.ActiveCfg = Release|Any CPU
		{3D6ECD1A-EE66-4876-8106-FA73C4B56F27}.Release|Any CPU.Build.0 = Release|Any CPU
	EndGlobalSection
	GlobalSection(SolutionProperties) = preSolution
		HideSolutionNode = FALSE
	EndGlobalSection
	GlobalSection(ExtensibilityGlobals) = postSolution
		SolutionGuid = {25A523BD-1B68-4B80-A8AB-5D1D0E44C435}
	EndGlobalSection
EndGlobal
